
Microsoft Visual Studio Solution File, Format Version 11.00
# Visual Studio 2010
Project("{FAE04EC0-301F-11D3-BF4B-00C04F79EFBC}") = "SERVBLL", "SERVBLL\SERVBLL.csproj", "{785A132E-3053-46FC-88F5-C4B652334128}"
EndProject
Project("{FAE04EC0-301F-11D3-BF4B-00C04F79EFBC}") = "SERVDAL", "SERVDAL\SERVDAL.csproj", "{174895A9-F293-4331-A268-891ED4A366C8}"
EndProject
Project("{FAE04EC0-301F-11D3-BF4B-00C04F79EFBC}") = "SERVWeb", "SERVWeb\SERVWeb.csproj", "{0E9F777E-F514-4B3C-BA5D-686A9CA3A7CE}"
EndProject
Project("{FAE04EC0-301F-11D3-BF4B-00C04F79EFBC}") = "SERV.Utils", "SERV.Utils\SERV.Utils.csproj", "{11642B2B-034E-4F46-97B1-D005CA169BCE}"
EndProject
Project("{FAE04EC0-301F-11D3-BF4B-00C04F79EFBC}") = "DBHelperProvider", "DBHelperProvider\DBHelperProvider.csproj", "{F3A5BDEA-6D9B-4EF2-B0FC-4E2758ECB5E2}"
EndProject
Project("{FAE04EC0-301F-11D3-BF4B-00C04F79EFBC}") = "SERVIDAL", "SERVIDAL\SERVIDAL.csproj", "{DC871B06-1443-4664-8E39-68485A47F1D0}"
EndProject
Project("{FAE04EC0-301F-11D3-BF4B-00C04F79EFBC}") = "SERVIBLL", "SERVIBLL\SERVIBLL.csproj", "{B6181FFC-0C16-4F17-A01C-32346BDB9A41}"
EndProject
Project("{FAE04EC0-301F-11D3-BF4B-00C04F79EFBC}") = "SERVDataContract", "SERVDataContract\SERVDataContract.csproj", "{573E75FE-EA15-42AA-8A9C-585437ECA586}"
EndProject
Project("{FAE04EC0-301F-11D3-BF4B-00C04F79EFBC}") = "SERVDALFactory", "SERVDALFactory\SERVDALFactory.csproj", "{8F3E429D-6D76-40DD-9F90-F2F7876A52F8}"
EndProject
Project("{FAE04EC0-301F-11D3-BF4B-00C04F79EFBC}") = "SERVBLLFactory", "SERVBLLFactory\SERVBLLFactory.csproj", "{FAF1635A-4209-4888-A85E-46A0B3182682}"
EndProject
Project("{FAE04EC0-301F-11D3-BF4B-00C04F79EFBC}") = "Tests", "Tests\Tests.csproj", "{7A918492-F8A7-4B58-A512-46902B3B8A33}"
EndProject
Global
	GlobalSection(SolutionConfigurationPlatforms) = preSolution
		Debug|Any CPU = Debug|Any CPU
		Release|Any CPU = Release|Any CPU
	EndGlobalSection
	GlobalSection(ProjectConfigurationPlatforms) = postSolution
		{0E9F777E-F514-4B3C-BA5D-686A9CA3A7CE}.Debug|Any CPU.ActiveCfg = Debug|Any CPU
		{0E9F777E-F514-4B3C-BA5D-686A9CA3A7CE}.Debug|Any CPU.Build.0 = Debug|Any CPU
		{0E9F777E-F514-4B3C-BA5D-686A9CA3A7CE}.Release|Any CPU.ActiveCfg = Release|Any CPU
		{0E9F777E-F514-4B3C-BA5D-686A9CA3A7CE}.Release|Any CPU.Build.0 = Release|Any CPU
		{11642B2B-034E-4F46-97B1-D005CA169BCE}.Debug|Any CPU.ActiveCfg = Debug|Any CPU
		{11642B2B-034E-4F46-97B1-D005CA169BCE}.Debug|Any CPU.Build.0 = Debug|Any CPU
		{11642B2B-034E-4F46-97B1-D005CA169BCE}.Release|Any CPU.ActiveCfg = Release|Any CPU
		{11642B2B-034E-4F46-97B1-D005CA169BCE}.Release|Any CPU.Build.0 = Release|Any CPU
		{174895A9-F293-4331-A268-891ED4A366C8}.Debug|Any CPU.ActiveCfg = Debug|Any CPU
		{174895A9-F293-4331-A268-891ED4A366C8}.Debug|Any CPU.Build.0 = Debug|Any CPU
		{174895A9-F293-4331-A268-891ED4A366C8}.Release|Any CPU.ActiveCfg = Release|Any CPU
		{174895A9-F293-4331-A268-891ED4A366C8}.Release|Any CPU.Build.0 = Release|Any CPU
		{573E75FE-EA15-42AA-8A9C-585437ECA586}.Debug|Any CPU.ActiveCfg = Debug|Any CPU
		{573E75FE-EA15-42AA-8A9C-585437ECA586}.Debug|Any CPU.Build.0 = Debug|Any CPU
		{573E75FE-EA15-42AA-8A9C-585437ECA586}.Release|Any CPU.ActiveCfg = Release|Any CPU
		{573E75FE-EA15-42AA-8A9C-585437ECA586}.Release|Any CPU.Build.0 = Release|Any CPU
		{785A132E-3053-46FC-88F5-C4B652334128}.Debug|Any CPU.ActiveCfg = Debug|Any CPU
		{785A132E-3053-46FC-88F5-C4B652334128}.Debug|Any CPU.Build.0 = Debug|Any CPU
		{785A132E-3053-46FC-88F5-C4B652334128}.Release|Any CPU.ActiveCfg = Release|Any CPU
		{785A132E-3053-46FC-88F5-C4B652334128}.Release|Any CPU.Build.0 = Release|Any CPU
		{7A918492-F8A7-4B58-A512-46902B3B8A33}.Debug|Any CPU.ActiveCfg = Debug|Any CPU
		{7A918492-F8A7-4B58-A512-46902B3B8A33}.Release|Any CPU.ActiveCfg = Release|Any CPU
		{7A918492-F8A7-4B58-A512-46902B3B8A33}.Release|Any CPU.Build.0 = Release|Any CPU
		{8F3E429D-6D76-40DD-9F90-F2F7876A52F8}.Debug|Any CPU.ActiveCfg = Debug|Any CPU
		{8F3E429D-6D76-40DD-9F90-F2F7876A52F8}.Debug|Any CPU.Build.0 = Debug|Any CPU
		{8F3E429D-6D76-40DD-9F90-F2F7876A52F8}.Release|Any CPU.ActiveCfg = Release|Any CPU
		{8F3E429D-6D76-40DD-9F90-F2F7876A52F8}.Release|Any CPU.Build.0 = Release|Any CPU
		{B6181FFC-0C16-4F17-A01C-32346BDB9A41}.Debug|Any CPU.ActiveCfg = Debug|Any CPU
		{B6181FFC-0C16-4F17-A01C-32346BDB9A41}.Debug|Any CPU.Build.0 = Debug|Any CPU
		{B6181FFC-0C16-4F17-A01C-32346BDB9A41}.Release|Any CPU.ActiveCfg = Release|Any CPU
		{B6181FFC-0C16-4F17-A01C-32346BDB9A41}.Release|Any CPU.Build.0 = Release|Any CPU
		{DC871B06-1443-4664-8E39-68485A47F1D0}.Debug|Any CPU.ActiveCfg = Debug|Any CPU
		{DC871B06-1443-4664-8E39-68485A47F1D0}.Debug|Any CPU.Build.0 = Debug|Any CPU
		{DC871B06-1443-4664-8E39-68485A47F1D0}.Release|Any CPU.ActiveCfg = Release|Any CPU
		{DC871B06-1443-4664-8E39-68485A47F1D0}.Release|Any CPU.Build.0 = Release|Any CPU
		{F3A5BDEA-6D9B-4EF2-B0FC-4E2758ECB5E2}.Debug|Any CPU.ActiveCfg = Debug|Any CPU
		{F3A5BDEA-6D9B-4EF2-B0FC-4E2758ECB5E2}.Debug|Any CPU.Build.0 = Debug|Any CPU
		{F3A5BDEA-6D9B-4EF2-B0FC-4E2758ECB5E2}.Release|Any CPU.ActiveCfg = Release|Any CPU
		{F3A5BDEA-6D9B-4EF2-B0FC-4E2758ECB5E2}.Release|Any CPU.Build.0 = Release|Any CPU
		{FAF1635A-4209-4888-A85E-46A0B3182682}.Debug|Any CPU.ActiveCfg = Debug|Any CPU
		{FAF1635A-4209-4888-A85E-46A0B3182682}.Debug|Any CPU.Build.0 = Debug|Any CPU
		{FAF1635A-4209-4888-A85E-46A0B3182682}.Release|Any CPU.ActiveCfg = Release|Any CPU
		{FAF1635A-4209-4888-A85E-46A0B3182682}.Release|Any CPU.Build.0 = Release|Any CPU
	EndGlobalSection
	GlobalSection(MonoDevelopProperties) = preSolution
		StartupItem = SERVWeb\SERVWeb.csproj
		Policies = $0
		$0.TextStylePolicy = $1
		$1.TabsToSpaces = False
		$1.inheritsSet = VisualStudio
		$1.inheritsScope = text/plain
		$1.scope = text/x-csharp
		$0.CSharpFormattingPolicy = $2
		$2.IndentSwitchBody = True
		$2.AnonymousMethodBraceStyle = NextLine
		$2.PropertyBraceStyle = NextLine
		$2.PropertyGetBraceStyle = NextLine
		$2.PropertySetBraceStyle = NextLine
		$2.EventBraceStyle = NextLine
		$2.EventAddBraceStyle = NextLine
		$2.EventRemoveBraceStyle = NextLine
		$2.StatementBraceStyle = NextLine
		$2.ElseNewLinePlacement = NewLine
		$2.CatchNewLinePlacement = NewLine
		$2.FinallyNewLinePlacement = NewLine
		$2.WhileNewLinePlacement = DoNotCare
		$2.ArrayInitializerWrapping = DoNotChange
		$2.ArrayInitializerBraceStyle = NextLine
		$2.BeforeMethodDeclarationParentheses = False
		$2.BeforeMethodCallParentheses = False
		$2.BeforeConstructorDeclarationParentheses = False
		$2.BeforeDelegateDeclarationParentheses = False
		$2.NewParentheses = False
		$2.SpacesBeforeBrackets = False
		$2.inheritsSet = Mono
		$2.inheritsScope = text/x-csharp
		$2.scope = text/x-csharp
		$0.TextStylePolicy = $3
		$3.TabsToSpaces = False
		$3.inheritsSet = VisualStudio
		$3.inheritsScope = text/plain
		$3.scope = text/plain
	EndGlobalSection
EndGlobal
